// !$*UTF8*$!
{
	archiveVersion = 1;
	classes = {
	};
	objectVersion = 56;
	objects = {

/* Begin PBXBuildFile section */
		3E78065F2C84CBD4008886BF /* Custom_Animations_Swift_GalleryApp.swift in Sources */ = {isa = PBXBuildFile; fileRef = 3E78065E2C84CBD4008886BF /* Custom_Animations_Swift_GalleryApp.swift */; };
		3E7806612C84CBD4008886BF /* ContentView.swift in Sources */ = {isa = PBXBuildFile; fileRef = 3E7806602C84CBD4008886BF /* ContentView.swift */; };
		3E7806632C84CBD5008886BF /* Assets.xcassets in Resources */ = {isa = PBXBuildFile; fileRef = 3E7806622C84CBD5008886BF /* Assets.xcassets */; };
		3E7806662C84CBD5008886BF /* Preview Assets.xcassets in Resources */ = {isa = PBXBuildFile; fileRef = 3E7806652C84CBD5008886BF /* Preview Assets.xcassets */; };
		3E78066D2C84D1A3008886BF /* GalleryType.swift in Sources */ = {isa = PBXBuildFile; fileRef = 3E78066C2C84D1A3008886BF /* GalleryType.swift */; };
		3E7806712C84D4CA008886BF /* AnimationsView.swift in Sources */ = {isa = PBXBuildFile; fileRef = 3E7806702C84D4CA008886BF /* AnimationsView.swift */; };
		3E7806732C84D67E008886BF /* Animations.swift in Sources */ = {isa = PBXBuildFile; fileRef = 3E7806722C84D67E008886BF /* Animations.swift */; };
		3E7806762C84D734008886BF /* FadeAnimationView.swift in Sources */ = {isa = PBXBuildFile; fileRef = 3E7806752C84D734008886BF /* FadeAnimationView.swift */; };
		3E78067A2C84DA07008886BF /* FireworkAnimationView.swift in Sources */ = {isa = PBXBuildFile; fileRef = 3E7806792C84DA07008886BF /* FireworkAnimationView.swift */; };
		3E78067C2C84DA23008886BF /* WaveAnimationView.swift in Sources */ = {isa = PBXBuildFile; fileRef = 3E78067B2C84DA23008886BF /* WaveAnimationView.swift */; };
		3E78067F2C84DA5E008886BF /* ConfettiAnimationView.swift in Sources */ = {isa = PBXBuildFile; fileRef = 3E78067E2C84DA5E008886BF /* ConfettiAnimationView.swift */; };
		3E7806812C84DA73008886BF /* LoadingSpinnerView.swift in Sources */ = {isa = PBXBuildFile; fileRef = 3E7806802C84DA73008886BF /* LoadingSpinnerView.swift */; };
		3E7806832C84DA87008886BF /* GlowAnimationView.swift in Sources */ = {isa = PBXBuildFile; fileRef = 3E7806822C84DA87008886BF /* GlowAnimationView.swift */; };
		3E7806852C84DA9B008886BF /* DraggableCardView.swift in Sources */ = {isa = PBXBuildFile; fileRef = 3E7806842C84DA9B008886BF /* DraggableCardView.swift */; };
		3E7806872C84DAAD008886BF /* RippleAnimationView.swift in Sources */ = {isa = PBXBuildFile; fileRef = 3E7806862C84DAAD008886BF /* RippleAnimationView.swift */; };
		3E7806892C84DAC1008886BF /* ShakeAnimationView.swift in Sources */ = {isa = PBXBuildFile; fileRef = 3E7806882C84DAC1008886BF /* ShakeAnimationView.swift */; };
		3E78068B2C84DAD1008886BF /* PathAnimationView.swift in Sources */ = {isa = PBXBuildFile; fileRef = 3E78068A2C84DAD1008886BF /* PathAnimationView.swift */; };
		3E78068D2C84DADE008886BF /* CardFlipAnimationView.swift in Sources */ = {isa = PBXBuildFile; fileRef = 3E78068C2C84DADE008886BF /* CardFlipAnimationView.swift */; };
		3E78068F2C84DAF2008886BF /* PulsatingAnimationView.swift in Sources */ = {isa = PBXBuildFile; fileRef = 3E78068E2C84DAF2008886BF /* PulsatingAnimationView.swift */; };
		3E7806912C84DB08008886BF /* ColorChangeAnimationView.swift in Sources */ = {isa = PBXBuildFile; fileRef = 3E7806902C84DB08008886BF /* ColorChangeAnimationView.swift */; };
		3E7806932C84DB17008886BF /* RotationAnimationView.swift in Sources */ = {isa = PBXBuildFile; fileRef = 3E7806922C84DB17008886BF /* RotationAnimationView.swift */; };
		3E7806952C84DB27008886BF /* ScaleAnimationView.swift in Sources */ = {isa = PBXBuildFile; fileRef = 3E7806942C84DB27008886BF /* ScaleAnimationView.swift */; };
		3E7806972C84DB36008886BF /* BounceAnimationView.swift in Sources */ = {isa = PBXBuildFile; fileRef = 3E7806962C84DB36008886BF /* BounceAnimationView.swift */; };
		3E7806992C84DB64008886BF /* BlinkingAnimationView.swift in Sources */ = {isa = PBXBuildFile; fileRef = 3E7806982C84DB64008886BF /* BlinkingAnimationView.swift */; };
		3E78069B2C84DB78008886BF /* ParallaxAnimationView.swift in Sources */ = {isa = PBXBuildFile; fileRef = 3E78069A2C84DB78008886BF /* ParallaxAnimationView.swift */; };
		3E78069D2C84DB89008886BF /* ZoomAnimationView.swift in Sources */ = {isa = PBXBuildFile; fileRef = 3E78069C2C84DB89008886BF /* ZoomAnimationView.swift */; };
		3E78069F2C84DBA4008886BF /* FloatingButtonAnimationView.swift in Sources */ = {isa = PBXBuildFile; fileRef = 3E78069E2C84DBA4008886BF /* FloatingButtonAnimationView.swift */; };
		3E7806A12C84DBB8008886BF /* HeartbeatAnimationView.swift in Sources */ = {isa = PBXBuildFile; fileRef = 3E7806A02C84DBB8008886BF /* HeartbeatAnimationView.swift */; };
		3E7806A32C84DBCA008886BF /* FlipCardShadowAnimationView.swift in Sources */ = {isa = PBXBuildFile; fileRef = 3E7806A22C84DBCA008886BF /* FlipCardShadowAnimationView.swift */; };
		3E7806A52C84DBD7008886BF /* ProgressBarAnimationView.swift in Sources */ = {isa = PBXBuildFile; fileRef = 3E7806A42C84DBD7008886BF /* ProgressBarAnimationView.swift */; };
		3E7806A72C84DC10008886BF /* SlideAnimationView.swift in Sources */ = {isa = PBXBuildFile; fileRef = 3E7806A62C84DC10008886BF /* SlideAnimationView.swift */; };
		3E7806A92C84DD31008886BF /* ParticleExplosionView.swift in Sources */ = {isa = PBXBuildFile; fileRef = 3E7806A82C84DD31008886BF /* ParticleExplosionView.swift */; };
		3E7806AB2C84DD50008886BF /* MagneticAttractionView.swift in Sources */ = {isa = PBXBuildFile; fileRef = 3E7806AA2C84DD50008886BF /* MagneticAttractionView.swift */; };
		3E7806AD2C84DD75008886BF /* Carousel3DView.swift in Sources */ = {isa = PBXBuildFile; fileRef = 3E7806AC2C84DD75008886BF /* Carousel3DView.swift */; };
		3E7806AF2C84DD91008886BF /* LiquidSwipeView.swift in Sources */ = {isa = PBXBuildFile; fileRef = 3E7806AE2C84DD91008886BF /* LiquidSwipeView.swift */; };
		3E7806B12C84DDE6008886BF /* SpringChainView.swift in Sources */ = {isa = PBXBuildFile; fileRef = 3E7806B02C84DDE6008886BF /* SpringChainView.swift */; };
		3E7806B32C84E039008886BF /* MorphingShapesView.swift in Sources */ = {isa = PBXBuildFile; fileRef = 3E7806B22C84E039008886BF /* MorphingShapesView.swift */; };
		3E7806B52C84E09F008886BF /* FireEffectView.swift in Sources */ = {isa = PBXBuildFile; fileRef = 3E7806B42C84E09E008886BF /* FireEffectView.swift */; };
/* End PBXBuildFile section */

/* Begin PBXFileReference section */
		3E78065B2C84CBD4008886BF /* Custom Animations Swift Gallery.app */ = {isa = PBXFileReference; explicitFileType = wrapper.application; includeInIndex = 0; path = "Custom Animations Swift Gallery.app"; sourceTree = BUILT_PRODUCTS_DIR; };
		3E78065E2C84CBD4008886BF /* Custom_Animations_Swift_GalleryApp.swift */ = {isa = PBXFileReference; lastKnownFileType = sourcecode.swift; path = Custom_Animations_Swift_GalleryApp.swift; sourceTree = "<group>"; };
		3E7806602C84CBD4008886BF /* ContentView.swift */ = {isa = PBXFileReference; lastKnownFileType = sourcecode.swift; path = ContentView.swift; sourceTree = "<group>"; };
		3E7806622C84CBD5008886BF /* Assets.xcassets */ = {isa = PBXFileReference; lastKnownFileType = folder.assetcatalog; path = Assets.xcassets; sourceTree = "<group>"; };
		3E7806652C84CBD5008886BF /* Preview Assets.xcassets */ = {isa = PBXFileReference; lastKnownFileType = folder.assetcatalog; path = "Preview Assets.xcassets"; sourceTree = "<group>"; };
		3E78066C2C84D1A3008886BF /* GalleryType.swift */ = {isa = PBXFileReference; lastKnownFileType = sourcecode.swift; path = GalleryType.swift; sourceTree = "<group>"; };
		3E7806702C84D4CA008886BF /* AnimationsView.swift */ = {isa = PBXFileReference; lastKnownFileType = sourcecode.swift; path = AnimationsView.swift; sourceTree = "<group>"; };
		3E7806722C84D67E008886BF /* Animations.swift */ = {isa = PBXFileReference; lastKnownFileType = sourcecode.swift; path = Animations.swift; sourceTree = "<group>"; };
		3E7806752C84D734008886BF /* FadeAnimationView.swift */ = {isa = PBXFileReference; lastKnownFileType = sourcecode.swift; path = FadeAnimationView.swift; sourceTree = "<group>"; };
		3E7806792C84DA07008886BF /* FireworkAnimationView.swift */ = {isa = PBXFileReference; lastKnownFileType = sourcecode.swift; path = FireworkAnimationView.swift; sourceTree = "<group>"; };
		3E78067B2C84DA23008886BF /* WaveAnimationView.swift */ = {isa = PBXFileReference; lastKnownFileType = sourcecode.swift; path = WaveAnimationView.swift; sourceTree = "<group>"; };
		3E78067E2C84DA5E008886BF /* ConfettiAnimationView.swift */ = {isa = PBXFileReference; lastKnownFileType = sourcecode.swift; path = ConfettiAnimationView.swift; sourceTree = "<group>"; };
		3E7806802C84DA73008886BF /* LoadingSpinnerView.swift */ = {isa = PBXFileReference; lastKnownFileType = sourcecode.swift; path = LoadingSpinnerView.swift; sourceTree = "<group>"; };
		3E7806822C84DA87008886BF /* GlowAnimationView.swift */ = {isa = PBXFileReference; lastKnownFileType = sourcecode.swift; path = GlowAnimationView.swift; sourceTree = "<group>"; };
		3E7806842C84DA9B008886BF /* DraggableCardView.swift */ = {isa = PBXFileReference; lastKnownFileType = sourcecode.swift; path = DraggableCardView.swift; sourceTree = "<group>"; };
		3E7806862C84DAAD008886BF /* RippleAnimationView.swift */ = {isa = PBXFileReference; lastKnownFileType = sourcecode.swift; path = RippleAnimationView.swift; sourceTree = "<group>"; };
		3E7806882C84DAC1008886BF /* ShakeAnimationView.swift */ = {isa = PBXFileReference; lastKnownFileType = sourcecode.swift; path = ShakeAnimationView.swift; sourceTree = "<group>"; };
		3E78068A2C84DAD1008886BF /* PathAnimationView.swift */ = {isa = PBXFileReference; lastKnownFileType = sourcecode.swift; path = PathAnimationView.swift; sourceTree = "<group>"; };
		3E78068C2C84DADE008886BF /* CardFlipAnimationView.swift */ = {isa = PBXFileReference; lastKnownFileType = sourcecode.swift; path = CardFlipAnimationView.swift; sourceTree = "<group>"; };
		3E78068E2C84DAF2008886BF /* PulsatingAnimationView.swift */ = {isa = PBXFileReference; lastKnownFileType = sourcecode.swift; path = PulsatingAnimationView.swift; sourceTree = "<group>"; };
		3E7806902C84DB08008886BF /* ColorChangeAnimationView.swift */ = {isa = PBXFileReference; lastKnownFileType = sourcecode.swift; path = ColorChangeAnimationView.swift; sourceTree = "<group>"; };
		3E7806922C84DB17008886BF /* RotationAnimationView.swift */ = {isa = PBXFileReference; lastKnownFileType = sourcecode.swift; path = RotationAnimationView.swift; sourceTree = "<group>"; };
		3E7806942C84DB27008886BF /* ScaleAnimationView.swift */ = {isa = PBXFileReference; lastKnownFileType = sourcecode.swift; path = ScaleAnimationView.swift; sourceTree = "<group>"; };
		3E7806962C84DB36008886BF /* BounceAnimationView.swift */ = {isa = PBXFileReference; lastKnownFileType = sourcecode.swift; path = BounceAnimationView.swift; sourceTree = "<group>"; };
		3E7806982C84DB64008886BF /* BlinkingAnimationView.swift */ = {isa = PBXFileReference; lastKnownFileType = sourcecode.swift; path = BlinkingAnimationView.swift; sourceTree = "<group>"; };
		3E78069A2C84DB78008886BF /* ParallaxAnimationView.swift */ = {isa = PBXFileReference; lastKnownFileType = sourcecode.swift; path = ParallaxAnimationView.swift; sourceTree = "<group>"; };
		3E78069C2C84DB89008886BF /* ZoomAnimationView.swift */ = {isa = PBXFileReference; lastKnownFileType = sourcecode.swift; path = ZoomAnimationView.swift; sourceTree = "<group>"; };
		3E78069E2C84DBA4008886BF /* FloatingButtonAnimationView.swift */ = {isa = PBXFileReference; lastKnownFileType = sourcecode.swift; path = FloatingButtonAnimationView.swift; sourceTree = "<group>"; };
		3E7806A02C84DBB8008886BF /* HeartbeatAnimationView.swift */ = {isa = PBXFileReference; lastKnownFileType = sourcecode.swift; path = HeartbeatAnimationView.swift; sourceTree = "<group>"; };
		3E7806A22C84DBCA008886BF /* FlipCardShadowAnimationView.swift */ = {isa = PBXFileReference; lastKnownFileType = sourcecode.swift; path = FlipCardShadowAnimationView.swift; sourceTree = "<group>"; };
		3E7806A42C84DBD7008886BF /* ProgressBarAnimationView.swift */ = {isa = PBXFileReference; lastKnownFileType = sourcecode.swift; path = ProgressBarAnimationView.swift; sourceTree = "<group>"; };
		3E7806A62C84DC10008886BF /* SlideAnimationView.swift */ = {isa = PBXFileReference; lastKnownFileType = sourcecode.swift; path = SlideAnimationView.swift; sourceTree = "<group>"; };
		3E7806A82C84DD31008886BF /* ParticleExplosionView.swift */ = {isa = PBXFileReference; lastKnownFileType = sourcecode.swift; path = ParticleExplosionView.swift; sourceTree = "<group>"; };
		3E7806AA2C84DD50008886BF /* MagneticAttractionView.swift */ = {isa = PBXFileReference; lastKnownFileType = sourcecode.swift; path = MagneticAttractionView.swift; sourceTree = "<group>"; };
		3E7806AC2C84DD75008886BF /* Carousel3DView.swift */ = {isa = PBXFileReference; lastKnownFileType = sourcecode.swift; path = Carousel3DView.swift; sourceTree = "<group>"; };
		3E7806AE2C84DD91008886BF /* LiquidSwipeView.swift */ = {isa = PBXFileReference; lastKnownFileType = sourcecode.swift; path = LiquidSwipeView.swift; sourceTree = "<group>"; };
		3E7806B02C84DDE6008886BF /* SpringChainView.swift */ = {isa = PBXFileReference; lastKnownFileType = sourcecode.swift; path = SpringChainView.swift; sourceTree = "<group>"; };
		3E7806B22C84E039008886BF /* MorphingShapesView.swift */ = {isa = PBXFileReference; lastKnownFileType = sourcecode.swift; path = MorphingShapesView.swift; sourceTree = "<group>"; };
		3E7806B42C84E09E008886BF /* FireEffectView.swift */ = {isa = PBXFileReference; lastKnownFileType = sourcecode.swift; path = FireEffectView.swift; sourceTree = "<group>"; };
/* End PBXFileReference section */

/* Begin PBXFrameworksBuildPhase section */
		3E7806582C84CBD4008886BF /* Frameworks */ = {
			isa = PBXFrameworksBuildPhase;
			buildActionMask = 2147483647;
			files = (
			);
			runOnlyForDeploymentPostprocessing = 0;
		};
/* End PBXFrameworksBuildPhase section */

/* Begin PBXGroup section */
		3E7806522C84CBD4008886BF = {
			isa = PBXGroup;
			children = (
				3E78065D2C84CBD4008886BF /* Custom Animations Swift Gallery */,
				3E78065C2C84CBD4008886BF /* Products */,
			);
			sourceTree = "<group>";
		};
		3E78065C2C84CBD4008886BF /* Products */ = {
			isa = PBXGroup;
			children = (
				3E78065B2C84CBD4008886BF /* Custom Animations Swift Gallery.app */,
			);
			name = Products;
			sourceTree = "<group>";
		};
		3E78065D2C84CBD4008886BF /* Custom Animations Swift Gallery */ = {
			isa = PBXGroup;
			children = (
				3E78065E2C84CBD4008886BF /* Custom_Animations_Swift_GalleryApp.swift */,
				3E7806602C84CBD4008886BF /* ContentView.swift */,
				3E78066C2C84D1A3008886BF /* GalleryType.swift */,
				3E7806742C84D71D008886BF /* Animations */,
				3E7806622C84CBD5008886BF /* Assets.xcassets */,
				3E7806642C84CBD5008886BF /* Preview Content */,
			);
			path = "Custom Animations Swift Gallery";
			sourceTree = "<group>";
		};
		3E7806642C84CBD5008886BF /* Preview Content */ = {
			isa = PBXGroup;
			children = (
				3E7806652C84CBD5008886BF /* Preview Assets.xcassets */,
			);
			path = "Preview Content";
			sourceTree = "<group>";
		};
		3E7806742C84D71D008886BF /* Animations */ = {
			isa = PBXGroup;
			children = (
				3E7806702C84D4CA008886BF /* AnimationsView.swift */,
				3E7806722C84D67E008886BF /* Animations.swift */,
				3E78067D2C84DA4B008886BF /* AnimationViews */,
			);
			path = Animations;
			sourceTree = "<group>";
		};
		3E78067D2C84DA4B008886BF /* AnimationViews */ = {
			isa = PBXGroup;
			children = (
				3E7806752C84D734008886BF /* FadeAnimationView.swift */,
				3E7806792C84DA07008886BF /* FireworkAnimationView.swift */,
				3E7806962C84DB36008886BF /* BounceAnimationView.swift */,
				3E7806B42C84E09E008886BF /* FireEffectView.swift */,
				3E7806942C84DB27008886BF /* ScaleAnimationView.swift */,
				3E7806982C84DB64008886BF /* BlinkingAnimationView.swift */,
				3E78069A2C84DB78008886BF /* ParallaxAnimationView.swift */,
				3E78069C2C84DB89008886BF /* ZoomAnimationView.swift */,
				3E78069E2C84DBA4008886BF /* FloatingButtonAnimationView.swift */,
				3E7806A02C84DBB8008886BF /* HeartbeatAnimationView.swift */,
				3E7806A22C84DBCA008886BF /* FlipCardShadowAnimationView.swift */,
				3E7806922C84DB17008886BF /* RotationAnimationView.swift */,
				3E7806A42C84DBD7008886BF /* ProgressBarAnimationView.swift */,
				3E78068C2C84DADE008886BF /* CardFlipAnimationView.swift */,
				3E7806902C84DB08008886BF /* ColorChangeAnimationView.swift */,
				3E78068E2C84DAF2008886BF /* PulsatingAnimationView.swift */,
				3E78068A2C84DAD1008886BF /* PathAnimationView.swift */,
				3E78067E2C84DA5E008886BF /* ConfettiAnimationView.swift */,
				3E7806882C84DAC1008886BF /* ShakeAnimationView.swift */,
				3E7806AA2C84DD50008886BF /* MagneticAttractionView.swift */,
				3E7806AC2C84DD75008886BF /* Carousel3DView.swift */,
				3E7806AE2C84DD91008886BF /* LiquidSwipeView.swift */,
				3E78067B2C84DA23008886BF /* WaveAnimationView.swift */,
				3E7806B02C84DDE6008886BF /* SpringChainView.swift */,
				3E7806B22C84E039008886BF /* MorphingShapesView.swift */,
				3E7806862C84DAAD008886BF /* RippleAnimationView.swift */,
				3E7806822C84DA87008886BF /* GlowAnimationView.swift */,
				3E7806802C84DA73008886BF /* LoadingSpinnerView.swift */,
				3E7806842C84DA9B008886BF /* DraggableCardView.swift */,
				3E7806A62C84DC10008886BF /* SlideAnimationView.swift */,
				3E7806A82C84DD31008886BF /* ParticleExplosionView.swift */,
			);
			path = AnimationViews;
			sourceTree = "<group>";
		};
/* End PBXGroup section */

/* Begin PBXNativeTarget section */
		3E78065A2C84CBD4008886BF /* Custom Animations Swift Gallery */ = {
			isa = PBXNativeTarget;
			buildConfigurationList = 3E7806692C84CBD5008886BF /* Build configuration list for PBXNativeTarget "Custom Animations Swift Gallery" */;
			buildPhases = (
				3E7806572C84CBD4008886BF /* Sources */,
				3E7806582C84CBD4008886BF /* Frameworks */,
				3E7806592C84CBD4008886BF /* Resources */,
			);
			buildRules = (
			);
			dependencies = (
			);
			name = "Custom Animations Swift Gallery";
			productName = "Custom Animations Swift Gallery";
			productReference = 3E78065B2C84CBD4008886BF /* Custom Animations Swift Gallery.app */;
			productType = "com.apple.product-type.application";
		};
/* End PBXNativeTarget section */

/* Begin PBXProject section */
		3E7806532C84CBD4008886BF /* Project object */ = {
			isa = PBXProject;
			attributes = {
				BuildIndependentTargetsInParallel = 1;
				LastSwiftUpdateCheck = 1540;
				LastUpgradeCheck = 1540;
				TargetAttributes = {
					3E78065A2C84CBD4008886BF = {
						CreatedOnToolsVersion = 15.4;
					};
				};
			};
			buildConfigurationList = 3E7806562C84CBD4008886BF /* Build configuration list for PBXProject "Custom Animations Swift Gallery" */;
			compatibilityVersion = "Xcode 14.0";
			developmentRegion = en;
			hasScannedForEncodings = 0;
			knownRegions = (
				en,
				Base,
			);
			mainGroup = 3E7806522C84CBD4008886BF;
			productRefGroup = 3E78065C2C84CBD4008886BF /* Products */;
			projectDirPath = "";
			projectRoot = "";
			targets = (
				3E78065A2C84CBD4008886BF /* Custom Animations Swift Gallery */,
			);
		};
/* End PBXProject section */

/* Begin PBXResourcesBuildPhase section */
		3E7806592C84CBD4008886BF /* Resources */ = {
			isa = PBXResourcesBuildPhase;
			buildActionMask = 2147483647;
			files = (
				3E7806662C84CBD5008886BF /* Preview Assets.xcassets in Resources */,
				3E7806632C84CBD5008886BF /* Assets.xcassets in Resources */,
			);
			runOnlyForDeploymentPostprocessing = 0;
		};
/* End PBXResourcesBuildPhase section */

/* Begin PBXSourcesBuildPhase section */
		3E7806572C84CBD4008886BF /* Sources */ = {
			isa = PBXSourcesBuildPhase;
			buildActionMask = 2147483647;
			files = (
				3E78067C2C84DA23008886BF /* WaveAnimationView.swift in Sources */,
				3E7806812C84DA73008886BF /* LoadingSpinnerView.swift in Sources */,
				3E7806872C84DAAD008886BF /* RippleAnimationView.swift in Sources */,
				3E7806AF2C84DD91008886BF /* LiquidSwipeView.swift in Sources */,
				3E7806612C84CBD4008886BF /* ContentView.swift in Sources */,
				3E7806732C84D67E008886BF /* Animations.swift in Sources */,
				3E7806B32C84E039008886BF /* MorphingShapesView.swift in Sources */,
				3E7806852C84DA9B008886BF /* DraggableCardView.swift in Sources */,
				3E7806A52C84DBD7008886BF /* ProgressBarAnimationView.swift in Sources */,
				3E7806932C84DB17008886BF /* RotationAnimationView.swift in Sources */,
				3E7806A72C84DC10008886BF /* SlideAnimationView.swift in Sources */,
				3E78068D2C84DADE008886BF /* CardFlipAnimationView.swift in Sources */,
				3E7806712C84D4CA008886BF /* AnimationsView.swift in Sources */,
				3E78067F2C84DA5E008886BF /* ConfettiAnimationView.swift in Sources */,
				3E78069D2C84DB89008886BF /* ZoomAnimationView.swift in Sources */,
				3E7806762C84D734008886BF /* FadeAnimationView.swift in Sources */,
				3E7806A32C84DBCA008886BF /* FlipCardShadowAnimationView.swift in Sources */,
				3E78066D2C84D1A3008886BF /* GalleryType.swift in Sources */,
				3E7806892C84DAC1008886BF /* ShakeAnimationView.swift in Sources */,
				3E7806AB2C84DD50008886BF /* MagneticAttractionView.swift in Sources */,
				3E78067A2C84DA07008886BF /* FireworkAnimationView.swift in Sources */,
				3E7806832C84DA87008886BF /* GlowAnimationView.swift in Sources */,
				3E7806972C84DB36008886BF /* BounceAnimationView.swift in Sources */,
				3E78065F2C84CBD4008886BF /* Custom_Animations_Swift_GalleryApp.swift in Sources */,
				3E78068F2C84DAF2008886BF /* PulsatingAnimationView.swift in Sources */,
				3E78069F2C84DBA4008886BF /* FloatingButtonAnimationView.swift in Sources */,
				3E78068B2C84DAD1008886BF /* PathAnimationView.swift in Sources */,
				3E78069B2C84DB78008886BF /* ParallaxAnimationView.swift in Sources */,
				3E7806A12C84DBB8008886BF /* HeartbeatAnimationView.swift in Sources */,
				3E7806952C84DB27008886BF /* ScaleAnimationView.swift in Sources */,
				3E7806912C84DB08008886BF /* ColorChangeAnimationView.swift in Sources */,
				3E7806A92C84DD31008886BF /* ParticleExplosionView.swift in Sources */,
				3E7806B12C84DDE6008886BF /* SpringChainView.swift in Sources */,
				3E7806B52C84E09F008886BF /* FireEffectView.swift in Sources */,
				3E7806992C84DB64008886BF /* BlinkingAnimationView.swift in Sources */,
				3E7806AD2C84DD75008886BF /* Carousel3DView.swift in Sources */,
			);
			runOnlyForDeploymentPostprocessing = 0;
		};
/* End PBXSourcesBuildPhase section */

/* Begin XCBuildConfiguration section */
		3E7806672C84CBD5008886BF /* Debug */ = {
			isa = XCBuildConfiguration;
			buildSettings = {
				ALWAYS_SEARCH_USER_PATHS = NO;
				ASSETCATALOG_COMPILER_GENERATE_SWIFT_ASSET_SYMBOL_EXTENSIONS = YES;
				CLANG_ANALYZER_NONNULL = YES;
				CLANG_ANALYZER_NUMBER_OBJECT_CONVERSION = YES_AGGRESSIVE;
				CLANG_CXX_LANGUAGE_STANDARD = "gnu++20";
				CLANG_ENABLE_MODULES = YES;
				CLANG_ENABLE_OBJC_ARC = YES;
				CLANG_ENABLE_OBJC_WEAK = YES;
				CLANG_WARN_BLOCK_CAPTURE_AUTORELEASING = YES;
				CLANG_WARN_BOOL_CONVERSION = YES;
				CLANG_WARN_COMMA = YES;
				CLANG_WARN_CONSTANT_CONVERSION = YES;
				CLANG_WARN_DEPRECATED_OBJC_IMPLEMENTATIONS = YES;
				CLANG_WARN_DIRECT_OBJC_ISA_USAGE = YES_ERROR;
				CLANG_WARN_DOCUMENTATION_COMMENTS = YES;
				CLANG_WARN_EMPTY_BODY = YES;
				CLANG_WARN_ENUM_CONVERSION = YES;
				CLANG_WARN_INFINITE_RECURSION = YES;
				CLANG_WARN_INT_CONVERSION = YES;
				CLANG_WARN_NON_LITERAL_NULL_CONVERSION = YES;
				CLANG_WARN_OBJC_IMPLICIT_RETAIN_SELF = YES;
				CLANG_WARN_OBJC_LITERAL_CONVERSION = YES;
				CLANG_WARN_OBJC_ROOT_CLASS = YES_ERROR;
				CLANG_WARN_QUOTED_INCLUDE_IN_FRAMEWORK_HEADER = YES;
				CLANG_WARN_RANGE_LOOP_ANALYSIS = YES;
				CLANG_WARN_STRICT_PROTOTYPES = YES;
				CLANG_WARN_SUSPICIOUS_MOVE = YES;
				CLANG_WARN_UNGUARDED_AVAILABILITY = YES_AGGRESSIVE;
				CLANG_WARN_UNREACHABLE_CODE = YES;
				CLANG_WARN__DUPLICATE_METHOD_MATCH = YES;
				COPY_PHASE_STRIP = NO;
				DEBUG_INFORMATION_FORMAT = dwarf;
				ENABLE_STRICT_OBJC_MSGSEND = YES;
				ENABLE_TESTABILITY = YES;
				ENABLE_USER_SCRIPT_SANDBOXING = YES;
				GCC_C_LANGUAGE_STANDARD = gnu17;
				GCC_DYNAMIC_NO_PIC = NO;
				GCC_NO_COMMON_BLOCKS = YES;
				GCC_OPTIMIZATION_LEVEL = 0;
				GCC_PREPROCESSOR_DEFINITIONS = (
					"DEBUG=1",
					"$(inherited)",
				);
				GCC_WARN_64_TO_32_BIT_CONVERSION = YES;
				GCC_WARN_ABOUT_RETURN_TYPE = YES_ERROR;
				GCC_WARN_UNDECLARED_SELECTOR = YES;
				GCC_WARN_UNINITIALIZED_AUTOS = YES_AGGRESSIVE;
				GCC_WARN_UNUSED_FUNCTION = YES;
				GCC_WARN_UNUSED_VARIABLE = YES;
				IPHONEOS_DEPLOYMENT_TARGET = 17.5;
				LOCALIZATION_PREFERS_STRING_CATALOGS = YES;
				MTL_ENABLE_DEBUG_INFO = INCLUDE_SOURCE;
				MTL_FAST_MATH = YES;
				ONLY_ACTIVE_ARCH = YES;
				SDKROOT = iphoneos;
				SWIFT_ACTIVE_COMPILATION_CONDITIONS = "DEBUG $(inherited)";
				SWIFT_OPTIMIZATION_LEVEL = "-Onone";
			};
			name = Debug;
		};
		3E7806682C84CBD5008886BF /* Release */ = {
			isa = XCBuildConfiguration;
			buildSettings = {
				ALWAYS_SEARCH_USER_PATHS = NO;
				ASSETCATALOG_COMPILER_GENERATE_SWIFT_ASSET_SYMBOL_EXTENSIONS = YES;
				CLANG_ANALYZER_NONNULL = YES;
				CLANG_ANALYZER_NUMBER_OBJECT_CONVERSION = YES_AGGRESSIVE;
				CLANG_CXX_LANGUAGE_STANDARD = "gnu++20";
				CLANG_ENABLE_MODULES = YES;
				CLANG_ENABLE_OBJC_ARC = YES;
				CLANG_ENABLE_OBJC_WEAK = YES;
				CLANG_WARN_BLOCK_CAPTURE_AUTORELEASING = YES;
				CLANG_WARN_BOOL_CONVERSION = YES;
				CLANG_WARN_COMMA = YES;
				CLANG_WARN_CONSTANT_CONVERSION = YES;
				CLANG_WARN_DEPRECATED_OBJC_IMPLEMENTATIONS = YES;
				CLANG_WARN_DIRECT_OBJC_ISA_USAGE = YES_ERROR;
				CLANG_WARN_DOCUMENTATION_COMMENTS = YES;
				CLANG_WARN_EMPTY_BODY = YES;
				CLANG_WARN_ENUM_CONVERSION = YES;
				CLANG_WARN_INFINITE_RECURSION = YES;
				CLANG_WARN_INT_CONVERSION = YES;
				CLANG_WARN_NON_LITERAL_NULL_CONVERSION = YES;
				CLANG_WARN_OBJC_IMPLICIT_RETAIN_SELF = YES;
				CLANG_WARN_OBJC_LITERAL_CONVERSION = YES;
				CLANG_WARN_OBJC_ROOT_CLASS = YES_ERROR;
				CLANG_WARN_QUOTED_INCLUDE_IN_FRAMEWORK_HEADER = YES;
				CLANG_WARN_RANGE_LOOP_ANALYSIS = YES;
				CLANG_WARN_STRICT_PROTOTYPES = YES;
				CLANG_WARN_SUSPICIOUS_MOVE = YES;
				CLANG_WARN_UNGUARDED_AVAILABILITY = YES_AGGRESSIVE;
				CLANG_WARN_UNREACHABLE_CODE = YES;
				CLANG_WARN__DUPLICATE_METHOD_MATCH = YES;
				COPY_PHASE_STRIP = NO;
				DEBUG_INFORMATION_FORMAT = "dwarf-with-dsym";
				ENABLE_NS_ASSERTIONS = NO;
				ENABLE_STRICT_OBJC_MSGSEND = YES;
				ENABLE_USER_SCRIPT_SANDBOXING = YES;
				GCC_C_LANGUAGE_STANDARD = gnu17;
				GCC_NO_COMMON_BLOCKS = YES;
				GCC_WARN_64_TO_32_BIT_CONVERSION = YES;
				GCC_WARN_ABOUT_RETURN_TYPE = YES_ERROR;
				GCC_WARN_UNDECLARED_SELECTOR = YES;
				GCC_WARN_UNINITIALIZED_AUTOS = YES_AGGRESSIVE;
				GCC_WARN_UNUSED_FUNCTION = YES;
				GCC_WARN_UNUSED_VARIABLE = YES;
				IPHONEOS_DEPLOYMENT_TARGET = 17.5;
				LOCALIZATION_PREFERS_STRING_CATALOGS = YES;
				MTL_ENABLE_DEBUG_INFO = NO;
				MTL_FAST_MATH = YES;
				SDKROOT = iphoneos;
				SWIFT_COMPILATION_MODE = wholemodule;
				VALIDATE_PRODUCT = YES;
			};
			name = Release;
		};
		3E78066A2C84CBD5008886BF /* Debug */ = {
			isa = XCBuildConfiguration;
			buildSettings = {
				ASSETCATALOG_COMPILER_APPICON_NAME = AppIcon;
				ASSETCATALOG_COMPILER_GLOBAL_ACCENT_COLOR_NAME = AccentColor;
				CODE_SIGN_STYLE = Manual;
				CURRENT_PROJECT_VERSION = 1;
				DEVELOPMENT_ASSET_PATHS = "\"Custom Animations Swift Gallery/Preview Content\"";
				DEVELOPMENT_TEAM = "";
				ENABLE_PREVIEWS = YES;
				GENERATE_INFOPLIST_FILE = YES;
				INFOPLIST_KEY_UIApplicationSceneManifest_Generation = YES;
				INFOPLIST_KEY_UIApplicationSupportsIndirectInputEvents = YES;
				INFOPLIST_KEY_UILaunchScreen_Generation = YES;
				INFOPLIST_KEY_UISupportedInterfaceOrientations_iPad = "UIInterfaceOrientationPortrait UIInterfaceOrientationPortraitUpsideDown UIInterfaceOrientationLandscapeLeft UIInterfaceOrientationLandscapeRight";
				INFOPLIST_KEY_UISupportedInterfaceOrientations_iPhone = "UIInterfaceOrientationPortrait UIInterfaceOrientationLandscapeLeft UIInterfaceOrientationLandscapeRight";
				LD_RUNPATH_SEARCH_PATHS = (
					"$(inherited)",
					"@executable_path/Frameworks",
				);
				MARKETING_VERSION = 1.0;
				PRODUCT_BUNDLE_IDENTIFIER = "com.tisobyn.casg.Custom-Animations-Swift-Gallery";
				PRODUCT_NAME = "$(TARGET_NAME)";
				PROVISIONING_PROFILE_SPECIFIER = "";
				SWIFT_EMIT_LOC_STRINGS = YES;
				SWIFT_VERSION = 5.0;
				TARGETED_DEVICE_FAMILY = "1,2";
			};
			name = Debug;
		};
		3E78066B2C84CBD5008886BF /* Release */ = {
			isa = XCBuildConfiguration;
			buildSettings = {
				ASSETCATALOG_COMPILER_APPICON_NAME = AppIcon;
				ASSETCATALOG_COMPILER_GLOBAL_ACCENT_COLOR_NAME = AccentColor;
				CODE_SIGN_STYLE = Manual;
				CURRENT_PROJECT_VERSION = 1;
				DEVELOPMENT_ASSET_PATHS = "\"Custom Animations Swift Gallery/Preview Content\"";
				DEVELOPMENT_TEAM = "";
				ENABLE_PREVIEWS = YES;
				GENERATE_INFOPLIST_FILE = YES;
				INFOPLIST_KEY_UIApplicationSceneManifest_Generation = YES;
				INFOPLIST_KEY_UIApplicationSupportsIndirectInputEvents = YES;
				INFOPLIST_KEY_UILaunchScreen_Generation = YES;
				INFOPLIST_KEY_UISupportedInterfaceOrientations_iPad = "UIInterfaceOrientationPortrait UIInterfaceOrientationPortraitUpsideDown UIInterfaceOrientationLandscapeLeft UIInterfaceOrientationLandscapeRight";
				INFOPLIST_KEY_UISupportedInterfaceOrientations_iPhone = "UIInterfaceOrientationPortrait UIInterfaceOrientationLandscapeLeft UIInterfaceOrientationLandscapeRight";
				LD_RUNPATH_SEARCH_PATHS = (
					"$(inherited)",
					"@executable_path/Frameworks",
				);
				MARKETING_VERSION = 1.0;
				PRODUCT_BUNDLE_IDENTIFIER = "com.tisobyn.casg.Custom-Animations-Swift-Gallery";
				PRODUCT_NAME = "$(TARGET_NAME)";
				PROVISIONING_PROFILE_SPECIFIER = "";
				SWIFT_EMIT_LOC_STRINGS = YES;
				SWIFT_VERSION = 5.0;
				TARGETED_DEVICE_FAMILY = "1,2";
			};
			name = Release;
		};
/* End XCBuildConfiguration section */

/* Begin XCConfigurationList section */
		3E7806562C84CBD4008886BF /* Build configuration list for PBXProject "Custom Animations Swift Gallery" */ = {
			isa = XCConfigurationList;
			buildConfigurations = (
				3E7806672C84CBD5008886BF /* Debug */,
				3E7806682C84CBD5008886BF /* Release */,
			);
			defaultConfigurationIsVisible = 0;
			defaultConfigurationName = Release;
		};
		3E7806692C84CBD5008886BF /* Build configuration list for PBXNativeTarget "Custom Animations Swift Gallery" */ = {
			isa = XCConfigurationList;
			buildConfigurations = (
				3E78066A2C84CBD5008886BF /* Debug */,
				3E78066B2C84CBD5008886BF /* Release */,
			);
			defaultConfigurationIsVisible = 0;
			defaultConfigurationName = Release;
		};
/* End XCConfigurationList section */
	};
	rootObject = 3E7806532C84CBD4008886BF /* Project object */;
}
